
Microsoft Visual Studio Solution File, Format Version 10.00
# Visual C++ Express 2008
Project("{8BC9CEB8-8B4A-11D0-8D11-00A0C91BC942}") = "Azone2", "Azone.vcproj", "{64F17C8F-6D9A-42E9-B2CE-DA5073885E72}"
EndProject
Project("{8BC9CEB8-8B4A-11D0-8D11-00A0C91BC942}") = "awater", "awater.vcproj", "{47F3BA82-E456-4AD0-9EF7-AB13F9D5A9D9}"
EndProject
Project("{8BC9CEB8-8B4A-11D0-8D11-00A0C91BC942}") = "listobj", "listobj.vcproj", "{6CC0BD6B-B164-48A1-9C01-35B6419129A1}"
EndProject
Project("{8BC9CEB8-8B4A-11D0-8D11-00A0C91BC942}") = "GLModelViewer", "GLModelViewer.vcproj", "{74938195-29B6-43C9-9ADB-ED9B76479BAB}"
EndProject
Global
	GlobalSection(SolutionConfigurationPlatforms) = preSolution
		Debug|Win32 = Debug|Win32
		Release|Win32 = Release|Win32
	EndGlobalSection
	GlobalSection(ProjectConfigurationPlatforms) = postSolution
		{64F17C8F-6D9A-42E9-B2CE-DA5073885E72}.Debug|Win32.ActiveCfg = Debug|Win32
		{64F17C8F-6D9A-42E9-B2CE-DA5073885E72}.Debug|Win32.Build.0 = Debug|Win32
		{64F17C8F-6D9A-42E9-B2CE-DA5073885E72}.Release|Win32.ActiveCfg = Release|Win32
		{64F17C8F-6D9A-42E9-B2CE-DA5073885E72}.Release|Win32.Build.0 = Release|Win32
		{47F3BA82-E456-4AD0-9EF7-AB13F9D5A9D9}.Debug|Win32.ActiveCfg = Debug|Win32
		{47F3BA82-E456-4AD0-9EF7-AB13F9D5A9D9}.Debug|Win32.Build.0 = Debug|Win32
		{47F3BA82-E456-4AD0-9EF7-AB13F9D5A9D9}.Release|Win32.ActiveCfg = Release|Win32
		{47F3BA82-E456-4AD0-9EF7-AB13F9D5A9D9}.Release|Win32.Build.0 = Release|Win32
		{6CC0BD6B-B164-48A1-9C01-35B6419129A1}.Debug|Win32.ActiveCfg = Debug|Win32
		{6CC0BD6B-B164-48A1-9C01-35B6419129A1}.Debug|Win32.Build.0 = Debug|Win32
		{6CC0BD6B-B164-48A1-9C01-35B6419129A1}.Release|Win32.ActiveCfg = Release|Win32
		{6CC0BD6B-B164-48A1-9C01-35B6419129A1}.Release|Win32.Build.0 = Release|Win32
		{74938195-29B6-43C9-9ADB-ED9B76479BAB}.Debug|Win32.ActiveCfg = Debug|Win32
		{74938195-29B6-43C9-9ADB-ED9B76479BAB}.Debug|Win32.Build.0 = Debug|Win32
		{74938195-29B6-43C9-9ADB-ED9B76479BAB}.Release|Win32.ActiveCfg = Release|Win32
		{74938195-29B6-43C9-9ADB-ED9B76479BAB}.Release|Win32.Build.0 = Release|Win32
	EndGlobalSection
	GlobalSection(SolutionProperties) = preSolution
		HideSolutionNode = FALSE
	EndGlobalSection
EndGlobal
