Microsoft Visual Studio Solution File, Format Version 10.00
# Visual Studio 2008
Project("{8BC9CEB8-8B4A-11D0-8D11-00A0C91BC942}") = "EMuShareMem", "EMuShareMem\EMuShareMem.vcproj", "{21168136-6906-4039-B486-6086E164E743}"
EndProject
Project("{8BC9CEB8-8B4A-11D0-8D11-00A0C91BC942}") = "World", "world\World.vcproj", "{0FD472B1-CCB8-4ED2-8F4E-A1FC34E668EC}"
EndProject
Project("{8BC9CEB8-8B4A-11D0-8D11-00A0C91BC942}") = "Zone", "zone\Zone.vcproj", "{197A661B-390A-46D6-94FC-E99F93280695}"
EndProject
Project("{8BC9CEB8-8B4A-11D0-8D11-00A0C91BC942}") = "eqlaunch", "eqlaunch\eqlaunch.vcproj", "{944EB3A7-5E86-4AAC-B58E-85A53D548CC5}"
EndProject
Project("{8BC9CEB8-8B4A-11D0-8D11-00A0C91BC942}") = "chatserver", "chatserver\chatserver.vcproj", "{56DB5588-370F-4267-9683-3FFD51B5F949}"
EndProject
Project("{8BC9CEB8-8B4A-11D0-8D11-00A0C91BC942}") = "mailserver", "mailserver\mailserver.vcproj", "{43F55C6E-770A-49C9-BBEE-2C8FB7638E40}"
EndProject
Project("{8BC9CEB8-8B4A-11D0-8D11-00A0C91BC942}") = "ucs", "ucs\ucs.vcproj", "{A49B3EAF-553A-42F6-B343-A1EDEE6EBE4D}"
EndProject
Project("{8BC9CEB8-8B4A-11D0-8D11-00A0C91BC942}") = "EQEmuLoginServer", "EQEmuLoginServer\EQEmuLoginServer.vcproj", "{7EA079E6-1BA2-4F79-9F6F-A6662C4987B5}"
EndProject
Global
	GlobalSection(SolutionConfigurationPlatforms) = preSolution
		Debug|Win32 = Debug|Win32
		DebugBots|Win32 = DebugBots|Win32
		Release|Win32 = Release|Win32
		ReleaseBots|Win32 = ReleaseBots|Win32
		UnicodeDebug|Win32 = UnicodeDebug|Win32
		UnicodeRelease|Win32 = UnicodeRelease|Win32
	EndGlobalSection
	GlobalSection(ProjectConfigurationPlatforms) = postSolution
		{21168136-6906-4039-B486-6086E164E743}.Debug|Win32.ActiveCfg = Debug|Win32
		{21168136-6906-4039-B486-6086E164E743}.Debug|Win32.Build.0 = Debug|Win32
		{21168136-6906-4039-B486-6086E164E743}.DebugBots|Win32.ActiveCfg = Debug|Win32
		{21168136-6906-4039-B486-6086E164E743}.DebugBots|Win32.Build.0 = Debug|Win32
		{21168136-6906-4039-B486-6086E164E743}.Release|Win32.ActiveCfg = Release|Win32
		{21168136-6906-4039-B486-6086E164E743}.Release|Win32.Build.0 = Release|Win32
		{21168136-6906-4039-B486-6086E164E743}.ReleaseBots|Win32.ActiveCfg = Release|Win32
		{21168136-6906-4039-B486-6086E164E743}.ReleaseBots|Win32.Build.0 = Release|Win32
		{21168136-6906-4039-B486-6086E164E743}.UnicodeDebug|Win32.ActiveCfg = Debug|Win32
		{21168136-6906-4039-B486-6086E164E743}.UnicodeDebug|Win32.Build.0 = Debug|Win32
		{21168136-6906-4039-B486-6086E164E743}.UnicodeRelease|Win32.ActiveCfg = Release|Win32
		{21168136-6906-4039-B486-6086E164E743}.UnicodeRelease|Win32.Build.0 = Release|Win32
		{0FD472B1-CCB8-4ED2-8F4E-A1FC34E668EC}.Debug|Win32.ActiveCfg = Debug|Win32
		{0FD472B1-CCB8-4ED2-8F4E-A1FC34E668EC}.Debug|Win32.Build.0 = Debug|Win32
		{0FD472B1-CCB8-4ED2-8F4E-A1FC34E668EC}.DebugBots|Win32.ActiveCfg = DebugBots|Win32
		{0FD472B1-CCB8-4ED2-8F4E-A1FC34E668EC}.DebugBots|Win32.Build.0 = DebugBots|Win32
		{0FD472B1-CCB8-4ED2-8F4E-A1FC34E668EC}.Release|Win32.ActiveCfg = Release|Win32
		{0FD472B1-CCB8-4ED2-8F4E-A1FC34E668EC}.Release|Win32.Build.0 = Release|Win32
		{0FD472B1-CCB8-4ED2-8F4E-A1FC34E668EC}.ReleaseBots|Win32.ActiveCfg = ReleaseBots|Win32
		{0FD472B1-CCB8-4ED2-8F4E-A1FC34E668EC}.ReleaseBots|Win32.Build.0 = ReleaseBots|Win32
		{0FD472B1-CCB8-4ED2-8F4E-A1FC34E668EC}.UnicodeDebug|Win32.ActiveCfg = Debug|Win32
		{0FD472B1-CCB8-4ED2-8F4E-A1FC34E668EC}.UnicodeDebug|Win32.Build.0 = Debug|Win32
		{0FD472B1-CCB8-4ED2-8F4E-A1FC34E668EC}.UnicodeRelease|Win32.ActiveCfg = Release|Win32
		{0FD472B1-CCB8-4ED2-8F4E-A1FC34E668EC}.UnicodeRelease|Win32.Build.0 = Release|Win32
		{197A661B-390A-46D6-94FC-E99F93280695}.Debug|Win32.ActiveCfg = Debug|Win32
		{197A661B-390A-46D6-94FC-E99F93280695}.Debug|Win32.Build.0 = Debug|Win32
		{197A661B-390A-46D6-94FC-E99F93280695}.DebugBots|Win32.ActiveCfg = DebugBots|Win32
		{197A661B-390A-46D6-94FC-E99F93280695}.DebugBots|Win32.Build.0 = DebugBots|Win32
		{197A661B-390A-46D6-94FC-E99F93280695}.Release|Win32.ActiveCfg = Release|Win32
		{197A661B-390A-46D6-94FC-E99F93280695}.Release|Win32.Build.0 = Release|Win32
		{197A661B-390A-46D6-94FC-E99F93280695}.ReleaseBots|Win32.ActiveCfg = ReleaseBots|Win32
		{197A661B-390A-46D6-94FC-E99F93280695}.ReleaseBots|Win32.Build.0 = ReleaseBots|Win32
		{197A661B-390A-46D6-94FC-E99F93280695}.UnicodeDebug|Win32.ActiveCfg = Debug|Win32
		{197A661B-390A-46D6-94FC-E99F93280695}.UnicodeDebug|Win32.Build.0 = Debug|Win32
		{197A661B-390A-46D6-94FC-E99F93280695}.UnicodeRelease|Win32.ActiveCfg = Release|Win32
		{197A661B-390A-46D6-94FC-E99F93280695}.UnicodeRelease|Win32.Build.0 = Release|Win32
		{944EB3A7-5E86-4AAC-B58E-85A53D548CC5}.Debug|Win32.ActiveCfg = Debug|Win32
		{944EB3A7-5E86-4AAC-B58E-85A53D548CC5}.Debug|Win32.Build.0 = Debug|Win32
		{944EB3A7-5E86-4AAC-B58E-85A53D548CC5}.DebugBots|Win32.ActiveCfg = Debug|Win32
		{944EB3A7-5E86-4AAC-B58E-85A53D548CC5}.DebugBots|Win32.Build.0 = Debug|Win32
		{944EB3A7-5E86-4AAC-B58E-85A53D548CC5}.Release|Win32.ActiveCfg = Release|Win32
		{944EB3A7-5E86-4AAC-B58E-85A53D548CC5}.Release|Win32.Build.0 = Release|Win32
		{944EB3A7-5E86-4AAC-B58E-85A53D548CC5}.ReleaseBots|Win32.ActiveCfg = Release|Win32
		{944EB3A7-5E86-4AAC-B58E-85A53D548CC5}.ReleaseBots|Win32.Build.0 = Release|Win32
		{944EB3A7-5E86-4AAC-B58E-85A53D548CC5}.UnicodeDebug|Win32.ActiveCfg = Debug|Win32
		{944EB3A7-5E86-4AAC-B58E-85A53D548CC5}.UnicodeDebug|Win32.Build.0 = Debug|Win32
		{944EB3A7-5E86-4AAC-B58E-85A53D548CC5}.UnicodeRelease|Win32.ActiveCfg = Release|Win32
		{944EB3A7-5E86-4AAC-B58E-85A53D548CC5}.UnicodeRelease|Win32.Build.0 = Release|Win32
		{56DB5588-370F-4267-9683-3FFD51B5F949}.Debug|Win32.ActiveCfg = Debug|Win32
		{56DB5588-370F-4267-9683-3FFD51B5F949}.Debug|Win32.Build.0 = Debug|Win32
		{56DB5588-370F-4267-9683-3FFD51B5F949}.DebugBots|Win32.ActiveCfg = Debug|Win32
		{56DB5588-370F-4267-9683-3FFD51B5F949}.DebugBots|Win32.Build.0 = Debug|Win32
		{56DB5588-370F-4267-9683-3FFD51B5F949}.Release|Win32.ActiveCfg = Release|Win32
		{56DB5588-370F-4267-9683-3FFD51B5F949}.Release|Win32.Build.0 = Release|Win32
		{56DB5588-370F-4267-9683-3FFD51B5F949}.ReleaseBots|Win32.ActiveCfg = Release|Win32
		{56DB5588-370F-4267-9683-3FFD51B5F949}.ReleaseBots|Win32.Build.0 = Release|Win32
		{56DB5588-370F-4267-9683-3FFD51B5F949}.UnicodeDebug|Win32.ActiveCfg = Debug|Win32
		{56DB5588-370F-4267-9683-3FFD51B5F949}.UnicodeDebug|Win32.Build.0 = Debug|Win32
		{56DB5588-370F-4267-9683-3FFD51B5F949}.UnicodeRelease|Win32.ActiveCfg = Release|Win32
		{56DB5588-370F-4267-9683-3FFD51B5F949}.UnicodeRelease|Win32.Build.0 = Release|Win32
		{43F55C6E-770A-49C9-BBEE-2C8FB7638E40}.Debug|Win32.ActiveCfg = Debug|Win32
		{43F55C6E-770A-49C9-BBEE-2C8FB7638E40}.Debug|Win32.Build.0 = Debug|Win32
		{43F55C6E-770A-49C9-BBEE-2C8FB7638E40}.DebugBots|Win32.ActiveCfg = Debug|Win32
		{43F55C6E-770A-49C9-BBEE-2C8FB7638E40}.DebugBots|Win32.Build.0 = Debug|Win32
		{43F55C6E-770A-49C9-BBEE-2C8FB7638E40}.Release|Win32.ActiveCfg = Release|Win32
		{43F55C6E-770A-49C9-BBEE-2C8FB7638E40}.Release|Win32.Build.0 = Release|Win32
		{43F55C6E-770A-49C9-BBEE-2C8FB7638E40}.ReleaseBots|Win32.ActiveCfg = Release|Win32
		{43F55C6E-770A-49C9-BBEE-2C8FB7638E40}.ReleaseBots|Win32.Build.0 = Release|Win32
		{43F55C6E-770A-49C9-BBEE-2C8FB7638E40}.UnicodeDebug|Win32.ActiveCfg = Debug|Win32
		{43F55C6E-770A-49C9-BBEE-2C8FB7638E40}.UnicodeDebug|Win32.Build.0 = Debug|Win32
		{43F55C6E-770A-49C9-BBEE-2C8FB7638E40}.UnicodeRelease|Win32.ActiveCfg = Release|Win32
		{43F55C6E-770A-49C9-BBEE-2C8FB7638E40}.UnicodeRelease|Win32.Build.0 = Release|Win32
		{A49B3EAF-553A-42F6-B343-A1EDEE6EBE4D}.Debug|Win32.ActiveCfg = Debug|Win32
		{A49B3EAF-553A-42F6-B343-A1EDEE6EBE4D}.Debug|Win32.Build.0 = Debug|Win32
		{A49B3EAF-553A-42F6-B343-A1EDEE6EBE4D}.DebugBots|Win32.ActiveCfg = Debug|Win32
		{A49B3EAF-553A-42F6-B343-A1EDEE6EBE4D}.DebugBots|Win32.Build.0 = Debug|Win32
		{A49B3EAF-553A-42F6-B343-A1EDEE6EBE4D}.Release|Win32.ActiveCfg = Release|Win32
		{A49B3EAF-553A-42F6-B343-A1EDEE6EBE4D}.Release|Win32.Build.0 = Release|Win32
		{A49B3EAF-553A-42F6-B343-A1EDEE6EBE4D}.ReleaseBots|Win32.ActiveCfg = Release|Win32
		{A49B3EAF-553A-42F6-B343-A1EDEE6EBE4D}.ReleaseBots|Win32.Build.0 = Release|Win32
		{A49B3EAF-553A-42F6-B343-A1EDEE6EBE4D}.UnicodeDebug|Win32.ActiveCfg = Debug|Win32
		{A49B3EAF-553A-42F6-B343-A1EDEE6EBE4D}.UnicodeDebug|Win32.Build.0 = Debug|Win32
		{A49B3EAF-553A-42F6-B343-A1EDEE6EBE4D}.UnicodeRelease|Win32.ActiveCfg = Release|Win32
		{A49B3EAF-553A-42F6-B343-A1EDEE6EBE4D}.UnicodeRelease|Win32.Build.0 = Release|Win32
		{7EA079E6-1BA2-4F79-9F6F-A6662C4987B5}.Debug|Win32.ActiveCfg = Debug|Win32
		{7EA079E6-1BA2-4F79-9F6F-A6662C4987B5}.Debug|Win32.Build.0 = Debug|Win32
		{7EA079E6-1BA2-4F79-9F6F-A6662C4987B5}.DebugBots|Win32.ActiveCfg = Debug|Win32
		{7EA079E6-1BA2-4F79-9F6F-A6662C4987B5}.DebugBots|Win32.Build.0 = Debug|Win32
		{7EA079E6-1BA2-4F79-9F6F-A6662C4987B5}.Release|Win32.ActiveCfg = Release|Win32
		{7EA079E6-1BA2-4F79-9F6F-A6662C4987B5}.Release|Win32.Build.0 = Release|Win32
		{7EA079E6-1BA2-4F79-9F6F-A6662C4987B5}.ReleaseBots|Win32.ActiveCfg = Release|Win32
		{7EA079E6-1BA2-4F79-9F6F-A6662C4987B5}.ReleaseBots|Win32.Build.0 = Release|Win32
		{7EA079E6-1BA2-4F79-9F6F-A6662C4987B5}.UnicodeDebug|Win32.ActiveCfg = UnicodeDebug|Win32
		{7EA079E6-1BA2-4F79-9F6F-A6662C4987B5}.UnicodeDebug|Win32.Build.0 = UnicodeDebug|Win32
		{7EA079E6-1BA2-4F79-9F6F-A6662C4987B5}.UnicodeRelease|Win32.ActiveCfg = UnicodeRelease|Win32
		{7EA079E6-1BA2-4F79-9F6F-A6662C4987B5}.UnicodeRelease|Win32.Build.0 = UnicodeRelease|Win32
	EndGlobalSection
	GlobalSection(SolutionProperties) = preSolution
		HideSolutionNode = FALSE
	EndGlobalSection
EndGlobal
